// !$*UTF8*$!
{
	archiveVersion = 1;
	classes = {
	};
	objectVersion = 56;
	objects = {

/* Begin PBXBuildFile section */
		3E658C082C6336A400CADF0E /* BackendService.swift in Sources */ = {isa = PBXBuildFile; fileRef = 3E658C072C6336A400CADF0E /* BackendService.swift */; };
		3E658C0A2C633C0D00CADF0E /* NetworkError.swift in Sources */ = {isa = PBXBuildFile; fileRef = 3E658C092C633C0D00CADF0E /* NetworkError.swift */; };
		3E658C0D2C6343D100CADF0E /* CryptoDTO.swift in Sources */ = {isa = PBXBuildFile; fileRef = 3E658C0C2C6343D100CADF0E /* CryptoDTO.swift */; };
		3E658C0F2C63463500CADF0E /* BackendServiceProtocol.swift in Sources */ = {isa = PBXBuildFile; fileRef = 3E658C0E2C63463500CADF0E /* BackendServiceProtocol.swift */; };
		3E658C132C634B2500CADF0E /* HomeViewModel.swift in Sources */ = {isa = PBXBuildFile; fileRef = 3E658C122C634B2500CADF0E /* HomeViewModel.swift */; };
		3E658C1C2C63582300CADF0E /* MockURLProtocol.swift in Sources */ = {isa = PBXBuildFile; fileRef = 3E658C1B2C63582300CADF0E /* MockURLProtocol.swift */; };
		3E658C1E2C63585C00CADF0E /* BackendServiceTests.swift in Sources */ = {isa = PBXBuildFile; fileRef = 3E658C1D2C63585C00CADF0E /* BackendServiceTests.swift */; };
		3E658C262C6369B800CADF0E /* PopularTokenViewData.swift in Sources */ = {isa = PBXBuildFile; fileRef = 3E658C252C6369B800CADF0E /* PopularTokenViewData.swift */; };
		3E658C2A2C63743600CADF0E /* PriceFormatter.swift in Sources */ = {isa = PBXBuildFile; fileRef = 3E658C292C63743600CADF0E /* PriceFormatter.swift */; };
		3E658C2D2C63769400CADF0E /* ImageCache.swift in Sources */ = {isa = PBXBuildFile; fileRef = 3E658C2C2C63769400CADF0E /* ImageCache.swift */; };
		3E658C2F2C63772500CADF0E /* ImageLoader.swift in Sources */ = {isa = PBXBuildFile; fileRef = 3E658C2E2C63772500CADF0E /* ImageLoader.swift */; };
		3E658C312C6377B100CADF0E /* ImageError.swift in Sources */ = {isa = PBXBuildFile; fileRef = 3E658C302C6377B100CADF0E /* ImageError.swift */; };
		3E658C342C637FC300CADF0E /* AppState.swift in Sources */ = {isa = PBXBuildFile; fileRef = 3E658C332C637FC300CADF0E /* AppState.swift */; };
		3E658C362C63804100CADF0E /* TopCryptoStateDelegate.swift in Sources */ = {isa = PBXBuildFile; fileRef = 3E658C352C63804100CADF0E /* TopCryptoStateDelegate.swift */; };
		3E658C392C6381E500CADF0E /* HomeViewModelTests.swift in Sources */ = {isa = PBXBuildFile; fileRef = 3E658C382C6381E500CADF0E /* HomeViewModelTests.swift */; };
		3E658C3B2C63834900CADF0E /* MockBackendService.swift in Sources */ = {isa = PBXBuildFile; fileRef = 3E658C3A2C63834900CADF0E /* MockBackendService.swift */; };
		3E658C3D2C6384B800CADF0E /* MockTopCryptoState.swift in Sources */ = {isa = PBXBuildFile; fileRef = 3E658C3C2C6384B800CADF0E /* MockTopCryptoState.swift */; };
		3E658C402C63851B00CADF0E /* CryptoDTO+TestData.swift in Sources */ = {isa = PBXBuildFile; fileRef = 3E658C3F2C63851B00CADF0E /* CryptoDTO+TestData.swift */; };
		3E658C422C63B90C00CADF0E /* DataParser.swift in Sources */ = {isa = PBXBuildFile; fileRef = 3E658C412C63B90C00CADF0E /* DataParser.swift */; };
		3E8AEF142C61FEC5005D0B87 /* TrustApp.swift in Sources */ = {isa = PBXBuildFile; fileRef = 3E8AEF132C61FEC5005D0B87 /* TrustApp.swift */; };
		3E8AEF162C61FEC5005D0B87 /* SplashScreenView.swift in Sources */ = {isa = PBXBuildFile; fileRef = 3E8AEF152C61FEC5005D0B87 /* SplashScreenView.swift */; };
		3E8AEF182C61FEC6005D0B87 /* Assets.xcassets in Resources */ = {isa = PBXBuildFile; fileRef = 3E8AEF172C61FEC6005D0B87 /* Assets.xcassets */; };
		3E8AEF1B2C61FEC6005D0B87 /* Preview Assets.xcassets in Resources */ = {isa = PBXBuildFile; fileRef = 3E8AEF1A2C61FEC6005D0B87 /* Preview Assets.xcassets */; };
		3E8AEF252C61FEC6005D0B87 /* TrustTests.swift in Sources */ = {isa = PBXBuildFile; fileRef = 3E8AEF242C61FEC6005D0B87 /* TrustTests.swift */; };
		3E8AEF2F2C61FEC6005D0B87 /* TrustUITests.swift in Sources */ = {isa = PBXBuildFile; fileRef = 3E8AEF2E2C61FEC6005D0B87 /* TrustUITests.swift */; };
		3E8AEF312C61FEC6005D0B87 /* TrustUITestsLaunchTests.swift in Sources */ = {isa = PBXBuildFile; fileRef = 3E8AEF302C61FEC6005D0B87 /* TrustUITestsLaunchTests.swift */; };
		3E8AEF412C62019A005D0B87 /* RootViewContentManager.swift in Sources */ = {isa = PBXBuildFile; fileRef = 3E8AEF402C62019A005D0B87 /* RootViewContentManager.swift */; };
		3E8AEF432C6201BB005D0B87 /* RootContentType.swift in Sources */ = {isa = PBXBuildFile; fileRef = 3E8AEF422C6201BB005D0B87 /* RootContentType.swift */; };
		3E8AEF462C6201E3005D0B87 /* TabType.swift in Sources */ = {isa = PBXBuildFile; fileRef = 3E8AEF452C6201E3005D0B87 /* TabType.swift */; };
		3E8AEF482C6202D1005D0B87 /* RootViewContentProtocol.swift in Sources */ = {isa = PBXBuildFile; fileRef = 3E8AEF472C6202D1005D0B87 /* RootViewContentProtocol.swift */; };
		3E8AEF4B2C620340005D0B87 /* HomeView.swift in Sources */ = {isa = PBXBuildFile; fileRef = 3E8AEF4A2C620340005D0B87 /* HomeView.swift */; };
		3E8AEF4E2C62035A005D0B87 /* EarnView.swift in Sources */ = {isa = PBXBuildFile; fileRef = 3E8AEF4D2C62035A005D0B87 /* EarnView.swift */; };
		3E8AEF512C62036A005D0B87 /* SwapView.swift in Sources */ = {isa = PBXBuildFile; fileRef = 3E8AEF502C62036A005D0B87 /* SwapView.swift */; };
		3E8AEF542C620378005D0B87 /* DiscoverView.swift in Sources */ = {isa = PBXBuildFile; fileRef = 3E8AEF532C620378005D0B87 /* DiscoverView.swift */; };
		3E8AEF562C62039B005D0B87 /* MainView.swift in Sources */ = {isa = PBXBuildFile; fileRef = 3E8AEF552C62039B005D0B87 /* MainView.swift */; };
		3E8AEF592C620455005D0B87 /* LauncherView.swift in Sources */ = {isa = PBXBuildFile; fileRef = 3E8AEF582C620455005D0B87 /* LauncherView.swift */; };
		3E8AEF5C2C6204E7005D0B87 /* SplashScreenViewModel.swift in Sources */ = {isa = PBXBuildFile; fileRef = 3E8AEF5B2C6204E7005D0B87 /* SplashScreenViewModel.swift */; };
		3E8AEF5E2C620790005D0B87 /* Localizable.xcstrings in Resources */ = {isa = PBXBuildFile; fileRef = 3E8AEF5D2C620790005D0B87 /* Localizable.xcstrings */; };
		3E8AEF612C620E19005D0B87 /* Destination.swift in Sources */ = {isa = PBXBuildFile; fileRef = 3E8AEF602C620E19005D0B87 /* Destination.swift */; };
		3E8AEF632C620E32005D0B87 /* Navigator.swift in Sources */ = {isa = PBXBuildFile; fileRef = 3E8AEF622C620E32005D0B87 /* Navigator.swift */; };
		3E8AEF652C620E57005D0B87 /* NavigationManager.swift in Sources */ = {isa = PBXBuildFile; fileRef = 3E8AEF642C620E57005D0B87 /* NavigationManager.swift */; };
		3E8AEF672C621011005D0B87 /* HomeDestination.swift in Sources */ = {isa = PBXBuildFile; fileRef = 3E8AEF662C621011005D0B87 /* HomeDestination.swift */; };
		3E8AEF6A2C621048005D0B87 /* SettingsView.swift in Sources */ = {isa = PBXBuildFile; fileRef = 3E8AEF692C621048005D0B87 /* SettingsView.swift */; };
		3E8AEF6E2C621284005D0B87 /* UINavigationController+Extensions.swift in Sources */ = {isa = PBXBuildFile; fileRef = 3E8AEF6D2C621284005D0B87 /* UINavigationController+Extensions.swift */; };
		3E8AEF712C6213A1005D0B87 /* SettingsRowView.swift in Sources */ = {isa = PBXBuildFile; fileRef = 3E8AEF702C6213A1005D0B87 /* SettingsRowView.swift */; };
		3E8AEF732C6213F9005D0B87 /* LocalizedStringKey+Extensions.swift in Sources */ = {isa = PBXBuildFile; fileRef = 3E8AEF722C6213F9005D0B87 /* LocalizedStringKey+Extensions.swift */; };
		3E8AEF752C621855005D0B87 /* Constants.swift in Sources */ = {isa = PBXBuildFile; fileRef = 3E8AEF742C621855005D0B87 /* Constants.swift */; };
		3E8AEF772C621998005D0B87 /* SettingsDestination.swift in Sources */ = {isa = PBXBuildFile; fileRef = 3E8AEF762C621998005D0B87 /* SettingsDestination.swift */; };
		3E8AEF792C6219C0005D0B87 /* PreferencesView.swift in Sources */ = {isa = PBXBuildFile; fileRef = 3E8AEF782C6219C0005D0B87 /* PreferencesView.swift */; };
		3E8AEF7B2C621DA5005D0B87 /* CGFloat+Extensions.swift in Sources */ = {isa = PBXBuildFile; fileRef = 3E8AEF7A2C621DA5005D0B87 /* CGFloat+Extensions.swift */; };
		3E8AEF7D2C621E0A005D0B87 /* WalletButton.swift in Sources */ = {isa = PBXBuildFile; fileRef = 3E8AEF7C2C621E0A005D0B87 /* WalletButton.swift */; };
		3E8AEF822C6226F8005D0B87 /* CreateWalletView.swift in Sources */ = {isa = PBXBuildFile; fileRef = 3E8AEF812C6226F8005D0B87 /* CreateWalletView.swift */; };
		3E8AEF842C622716005D0B87 /* AddWalletView.swift in Sources */ = {isa = PBXBuildFile; fileRef = 3E8AEF832C622716005D0B87 /* AddWalletView.swift */; };
		3E8AEF872C62337A005D0B87 /* PopularTokenRowView.swift in Sources */ = {isa = PBXBuildFile; fileRef = 3E8AEF862C62337A005D0B87 /* PopularTokenRowView.swift */; };
		3E8AEF892C6233F2005D0B87 /* PopularTokenRowViewModel.swift in Sources */ = {isa = PBXBuildFile; fileRef = 3E8AEF882C6233F2005D0B87 /* PopularTokenRowViewModel.swift */; };
		3E9972BE2C62404800B9C058 /* EdgeInsets+Extensions.swift in Sources */ = {isa = PBXBuildFile; fileRef = 3E9972BD2C62404800B9C058 /* EdgeInsets+Extensions.swift */; };
/* End PBXBuildFile section */

/* Begin PBXContainerItemProxy section */
		3E8AEF212C61FEC6005D0B87 /* PBXContainerItemProxy */ = {
			isa = PBXContainerItemProxy;
			containerPortal = 3E8AEF082C61FEC5005D0B87 /* Project object */;
			proxyType = 1;
			remoteGlobalIDString = 3E8AEF0F2C61FEC5005D0B87;
			remoteInfo = Trust;
		};
		3E8AEF2B2C61FEC6005D0B87 /* PBXContainerItemProxy */ = {
			isa = PBXContainerItemProxy;
			containerPortal = 3E8AEF082C61FEC5005D0B87 /* Project object */;
			proxyType = 1;
			remoteGlobalIDString = 3E8AEF0F2C61FEC5005D0B87;
			remoteInfo = Trust;
		};
/* End PBXContainerItemProxy section */

/* Begin PBXFileReference section */
		3E658C072C6336A400CADF0E /* BackendService.swift */ = {isa = PBXFileReference; lastKnownFileType = sourcecode.swift; path = BackendService.swift; sourceTree = "<group>"; };
		3E658C092C633C0D00CADF0E /* NetworkError.swift */ = {isa = PBXFileReference; lastKnownFileType = sourcecode.swift; path = NetworkError.swift; sourceTree = "<group>"; };
		3E658C0C2C6343D100CADF0E /* CryptoDTO.swift */ = {isa = PBXFileReference; lastKnownFileType = sourcecode.swift; path = CryptoDTO.swift; sourceTree = "<group>"; };
		3E658C0E2C63463500CADF0E /* BackendServiceProtocol.swift */ = {isa = PBXFileReference; lastKnownFileType = sourcecode.swift; path = BackendServiceProtocol.swift; sourceTree = "<group>"; };
		3E658C122C634B2500CADF0E /* HomeViewModel.swift */ = {isa = PBXFileReference; lastKnownFileType = sourcecode.swift; path = HomeViewModel.swift; sourceTree = "<group>"; };
		3E658C1B2C63582300CADF0E /* MockURLProtocol.swift */ = {isa = PBXFileReference; lastKnownFileType = sourcecode.swift; path = MockURLProtocol.swift; sourceTree = "<group>"; };
		3E658C1D2C63585C00CADF0E /* BackendServiceTests.swift */ = {isa = PBXFileReference; lastKnownFileType = sourcecode.swift; path = BackendServiceTests.swift; sourceTree = "<group>"; };
		3E658C252C6369B800CADF0E /* PopularTokenViewData.swift */ = {isa = PBXFileReference; lastKnownFileType = sourcecode.swift; path = PopularTokenViewData.swift; sourceTree = "<group>"; };
		3E658C292C63743600CADF0E /* PriceFormatter.swift */ = {isa = PBXFileReference; lastKnownFileType = sourcecode.swift; path = PriceFormatter.swift; sourceTree = "<group>"; };
		3E658C2C2C63769400CADF0E /* ImageCache.swift */ = {isa = PBXFileReference; lastKnownFileType = sourcecode.swift; path = ImageCache.swift; sourceTree = "<group>"; };
		3E658C2E2C63772500CADF0E /* ImageLoader.swift */ = {isa = PBXFileReference; lastKnownFileType = sourcecode.swift; path = ImageLoader.swift; sourceTree = "<group>"; };
		3E658C302C6377B100CADF0E /* ImageError.swift */ = {isa = PBXFileReference; lastKnownFileType = sourcecode.swift; path = ImageError.swift; sourceTree = "<group>"; };
		3E658C332C637FC300CADF0E /* AppState.swift */ = {isa = PBXFileReference; lastKnownFileType = sourcecode.swift; path = AppState.swift; sourceTree = "<group>"; };
		3E658C352C63804100CADF0E /* TopCryptoStateDelegate.swift */ = {isa = PBXFileReference; lastKnownFileType = sourcecode.swift; path = TopCryptoStateDelegate.swift; sourceTree = "<group>"; };
		3E658C382C6381E500CADF0E /* HomeViewModelTests.swift */ = {isa = PBXFileReference; lastKnownFileType = sourcecode.swift; path = HomeViewModelTests.swift; sourceTree = "<group>"; };
		3E658C3A2C63834900CADF0E /* MockBackendService.swift */ = {isa = PBXFileReference; lastKnownFileType = sourcecode.swift; name = MockBackendService.swift; path = TrustTests/MockBackendService.swift; sourceTree = SOURCE_ROOT; };
		3E658C3C2C6384B800CADF0E /* MockTopCryptoState.swift */ = {isa = PBXFileReference; lastKnownFileType = sourcecode.swift; path = MockTopCryptoState.swift; sourceTree = "<group>"; };
		3E658C3F2C63851B00CADF0E /* CryptoDTO+TestData.swift */ = {isa = PBXFileReference; lastKnownFileType = sourcecode.swift; path = "CryptoDTO+TestData.swift"; sourceTree = "<group>"; };
		3E658C412C63B90C00CADF0E /* DataParser.swift */ = {isa = PBXFileReference; lastKnownFileType = sourcecode.swift; path = DataParser.swift; sourceTree = "<group>"; };
		3E8AEF102C61FEC5005D0B87 /* Trust.app */ = {isa = PBXFileReference; explicitFileType = wrapper.application; includeInIndex = 0; path = Trust.app; sourceTree = BUILT_PRODUCTS_DIR; };
		3E8AEF132C61FEC5005D0B87 /* TrustApp.swift */ = {isa = PBXFileReference; lastKnownFileType = sourcecode.swift; path = TrustApp.swift; sourceTree = "<group>"; };
		3E8AEF152C61FEC5005D0B87 /* SplashScreenView.swift */ = {isa = PBXFileReference; lastKnownFileType = sourcecode.swift; path = SplashScreenView.swift; sourceTree = "<group>"; };
		3E8AEF172C61FEC6005D0B87 /* Assets.xcassets */ = {isa = PBXFileReference; lastKnownFileType = folder.assetcatalog; path = Assets.xcassets; sourceTree = "<group>"; };
		3E8AEF1A2C61FEC6005D0B87 /* Preview Assets.xcassets */ = {isa = PBXFileReference; lastKnownFileType = folder.assetcatalog; path = "Preview Assets.xcassets"; sourceTree = "<group>"; };
		3E8AEF202C61FEC6005D0B87 /* TrustTests.xctest */ = {isa = PBXFileReference; explicitFileType = wrapper.cfbundle; includeInIndex = 0; path = TrustTests.xctest; sourceTree = BUILT_PRODUCTS_DIR; };
		3E8AEF242C61FEC6005D0B87 /* TrustTests.swift */ = {isa = PBXFileReference; lastKnownFileType = sourcecode.swift; path = TrustTests.swift; sourceTree = "<group>"; };
		3E8AEF2A2C61FEC6005D0B87 /* TrustUITests.xctest */ = {isa = PBXFileReference; explicitFileType = wrapper.cfbundle; includeInIndex = 0; path = TrustUITests.xctest; sourceTree = BUILT_PRODUCTS_DIR; };
		3E8AEF2E2C61FEC6005D0B87 /* TrustUITests.swift */ = {isa = PBXFileReference; lastKnownFileType = sourcecode.swift; path = TrustUITests.swift; sourceTree = "<group>"; };
		3E8AEF302C61FEC6005D0B87 /* TrustUITestsLaunchTests.swift */ = {isa = PBXFileReference; lastKnownFileType = sourcecode.swift; path = TrustUITestsLaunchTests.swift; sourceTree = "<group>"; };
		3E8AEF402C62019A005D0B87 /* RootViewContentManager.swift */ = {isa = PBXFileReference; lastKnownFileType = sourcecode.swift; path = RootViewContentManager.swift; sourceTree = "<group>"; };
		3E8AEF422C6201BB005D0B87 /* RootContentType.swift */ = {isa = PBXFileReference; lastKnownFileType = sourcecode.swift; path = RootContentType.swift; sourceTree = "<group>"; };
		3E8AEF452C6201E3005D0B87 /* TabType.swift */ = {isa = PBXFileReference; lastKnownFileType = sourcecode.swift; path = TabType.swift; sourceTree = "<group>"; };
		3E8AEF472C6202D1005D0B87 /* RootViewContentProtocol.swift */ = {isa = PBXFileReference; lastKnownFileType = sourcecode.swift; path = RootViewContentProtocol.swift; sourceTree = "<group>"; };
		3E8AEF4A2C620340005D0B87 /* HomeView.swift */ = {isa = PBXFileReference; lastKnownFileType = sourcecode.swift; path = HomeView.swift; sourceTree = "<group>"; };
		3E8AEF4D2C62035A005D0B87 /* EarnView.swift */ = {isa = PBXFileReference; lastKnownFileType = sourcecode.swift; path = EarnView.swift; sourceTree = "<group>"; };
		3E8AEF502C62036A005D0B87 /* SwapView.swift */ = {isa = PBXFileReference; lastKnownFileType = sourcecode.swift; path = SwapView.swift; sourceTree = "<group>"; };
		3E8AEF532C620378005D0B87 /* DiscoverView.swift */ = {isa = PBXFileReference; lastKnownFileType = sourcecode.swift; path = DiscoverView.swift; sourceTree = "<group>"; };
		3E8AEF552C62039B005D0B87 /* MainView.swift */ = {isa = PBXFileReference; lastKnownFileType = sourcecode.swift; path = MainView.swift; sourceTree = "<group>"; };
		3E8AEF582C620455005D0B87 /* LauncherView.swift */ = {isa = PBXFileReference; lastKnownFileType = sourcecode.swift; path = LauncherView.swift; sourceTree = "<group>"; };
		3E8AEF5B2C6204E7005D0B87 /* SplashScreenViewModel.swift */ = {isa = PBXFileReference; lastKnownFileType = sourcecode.swift; path = SplashScreenViewModel.swift; sourceTree = "<group>"; };
		3E8AEF5D2C620790005D0B87 /* Localizable.xcstrings */ = {isa = PBXFileReference; lastKnownFileType = text.json.xcstrings; path = Localizable.xcstrings; sourceTree = "<group>"; };
		3E8AEF602C620E19005D0B87 /* Destination.swift */ = {isa = PBXFileReference; lastKnownFileType = sourcecode.swift; path = Destination.swift; sourceTree = "<group>"; };
		3E8AEF622C620E32005D0B87 /* Navigator.swift */ = {isa = PBXFileReference; lastKnownFileType = sourcecode.swift; path = Navigator.swift; sourceTree = "<group>"; };
		3E8AEF642C620E57005D0B87 /* NavigationManager.swift */ = {isa = PBXFileReference; lastKnownFileType = sourcecode.swift; path = NavigationManager.swift; sourceTree = "<group>"; };
		3E8AEF662C621011005D0B87 /* HomeDestination.swift */ = {isa = PBXFileReference; lastKnownFileType = sourcecode.swift; path = HomeDestination.swift; sourceTree = "<group>"; };
		3E8AEF692C621048005D0B87 /* SettingsView.swift */ = {isa = PBXFileReference; lastKnownFileType = sourcecode.swift; path = SettingsView.swift; sourceTree = "<group>"; };
		3E8AEF6D2C621284005D0B87 /* UINavigationController+Extensions.swift */ = {isa = PBXFileReference; lastKnownFileType = sourcecode.swift; path = "UINavigationController+Extensions.swift"; sourceTree = "<group>"; };
		3E8AEF702C6213A1005D0B87 /* SettingsRowView.swift */ = {isa = PBXFileReference; lastKnownFileType = sourcecode.swift; path = SettingsRowView.swift; sourceTree = "<group>"; };
		3E8AEF722C6213F9005D0B87 /* LocalizedStringKey+Extensions.swift */ = {isa = PBXFileReference; lastKnownFileType = sourcecode.swift; path = "LocalizedStringKey+Extensions.swift"; sourceTree = "<group>"; };
		3E8AEF742C621855005D0B87 /* Constants.swift */ = {isa = PBXFileReference; lastKnownFileType = sourcecode.swift; path = Constants.swift; sourceTree = "<group>"; };
		3E8AEF762C621998005D0B87 /* SettingsDestination.swift */ = {isa = PBXFileReference; lastKnownFileType = sourcecode.swift; path = SettingsDestination.swift; sourceTree = "<group>"; };
		3E8AEF782C6219C0005D0B87 /* PreferencesView.swift */ = {isa = PBXFileReference; lastKnownFileType = sourcecode.swift; path = PreferencesView.swift; sourceTree = "<group>"; };
		3E8AEF7A2C621DA5005D0B87 /* CGFloat+Extensions.swift */ = {isa = PBXFileReference; lastKnownFileType = sourcecode.swift; path = "CGFloat+Extensions.swift"; sourceTree = "<group>"; };
		3E8AEF7C2C621E0A005D0B87 /* WalletButton.swift */ = {isa = PBXFileReference; lastKnownFileType = sourcecode.swift; path = WalletButton.swift; sourceTree = "<group>"; };
		3E8AEF812C6226F8005D0B87 /* CreateWalletView.swift */ = {isa = PBXFileReference; lastKnownFileType = sourcecode.swift; path = CreateWalletView.swift; sourceTree = "<group>"; };
		3E8AEF832C622716005D0B87 /* AddWalletView.swift */ = {isa = PBXFileReference; lastKnownFileType = sourcecode.swift; path = AddWalletView.swift; sourceTree = "<group>"; };
		3E8AEF862C62337A005D0B87 /* PopularTokenRowView.swift */ = {isa = PBXFileReference; lastKnownFileType = sourcecode.swift; path = PopularTokenRowView.swift; sourceTree = "<group>"; };
		3E8AEF882C6233F2005D0B87 /* PopularTokenRowViewModel.swift */ = {isa = PBXFileReference; lastKnownFileType = sourcecode.swift; path = PopularTokenRowViewModel.swift; sourceTree = "<group>"; };
		3E9972BD2C62404800B9C058 /* EdgeInsets+Extensions.swift */ = {isa = PBXFileReference; lastKnownFileType = sourcecode.swift; path = "EdgeInsets+Extensions.swift"; sourceTree = "<group>"; };
/* End PBXFileReference section */

/* Begin PBXFrameworksBuildPhase section */
		3E8AEF0D2C61FEC5005D0B87 /* Frameworks */ = {
			isa = PBXFrameworksBuildPhase;
			buildActionMask = 2147483647;
			files = (
			);
			runOnlyForDeploymentPostprocessing = 0;
		};
		3E8AEF1D2C61FEC6005D0B87 /* Frameworks */ = {
			isa = PBXFrameworksBuildPhase;
			buildActionMask = 2147483647;
			files = (
			);
			runOnlyForDeploymentPostprocessing = 0;
		};
		3E8AEF272C61FEC6005D0B87 /* Frameworks */ = {
			isa = PBXFrameworksBuildPhase;
			buildActionMask = 2147483647;
			files = (
			);
			runOnlyForDeploymentPostprocessing = 0;
		};
/* End PBXFrameworksBuildPhase section */

/* Begin PBXGroup section */
		3E658C062C63366900CADF0E /* Backend */ = {
			isa = PBXGroup;
			children = (
				3E658C072C6336A400CADF0E /* BackendService.swift */,
				3E658C0E2C63463500CADF0E /* BackendServiceProtocol.swift */,
				3E658C092C633C0D00CADF0E /* NetworkError.swift */,
				3E658C0B2C6343C000CADF0E /* Crypto */,
			);
			path = Backend;
			sourceTree = "<group>";
		};
		3E658C0B2C6343C000CADF0E /* Crypto */ = {
			isa = PBXGroup;
			children = (
				3E658C0C2C6343D100CADF0E /* CryptoDTO.swift */,
			);
			path = Crypto;
			sourceTree = "<group>";
		};
		3E658C192C6357C100CADF0E /* Frontend */ = {
			isa = PBXGroup;
			children = (
				3E8AEF572C62044C005D0B87 /* Launcher */,
				3E8AEF442C6201D4005D0B87 /* Main */,
				3E8AEF5F2C620E0A005D0B87 /* Navigation */,
			);
			path = Frontend;
			sourceTree = "<group>";
		};
		3E658C1A2C63580200CADF0E /* Backend */ = {
			isa = PBXGroup;
			children = (
				3E658C1D2C63585C00CADF0E /* BackendServiceTests.swift */,
				3E658C1B2C63582300CADF0E /* MockURLProtocol.swift */,
			);
			path = Backend;
			sourceTree = "<group>";
		};
		3E658C2B2C63768600CADF0E /* ImageLoader */ = {
			isa = PBXGroup;
			children = (
				3E658C2C2C63769400CADF0E /* ImageCache.swift */,
				3E658C302C6377B100CADF0E /* ImageError.swift */,
				3E658C2E2C63772500CADF0E /* ImageLoader.swift */,
			);
			path = ImageLoader;
			sourceTree = "<group>";
		};
		3E658C322C637FB400CADF0E /* AppState */ = {
			isa = PBXGroup;
			children = (
				3E658C332C637FC300CADF0E /* AppState.swift */,
				3E658C352C63804100CADF0E /* TopCryptoStateDelegate.swift */,
			);
			path = AppState;
			sourceTree = "<group>";
		};
		3E658C372C6381D300CADF0E /* Frontend */ = {
			isa = PBXGroup;
			children = (
				3E658C382C6381E500CADF0E /* HomeViewModelTests.swift */,
				3E658C3C2C6384B800CADF0E /* MockTopCryptoState.swift */,
				3E658C3E2C63850700CADF0E /* TestData */,
			);
			path = Frontend;
			sourceTree = "<group>";
		};
		3E658C3E2C63850700CADF0E /* TestData */ = {
			isa = PBXGroup;
			children = (
				3E658C3F2C63851B00CADF0E /* CryptoDTO+TestData.swift */,
			);
			path = TestData;
			sourceTree = "<group>";
		};
		3E8AEF072C61FEC5005D0B87 = {
			isa = PBXGroup;
			children = (
				3E8AEF122C61FEC5005D0B87 /* Trust */,
				3E8AEF232C61FEC6005D0B87 /* TrustTests */,
				3E8AEF2D2C61FEC6005D0B87 /* TrustUITests */,
				3E8AEF112C61FEC5005D0B87 /* Products */,
			);
			sourceTree = "<group>";
		};
		3E8AEF112C61FEC5005D0B87 /* Products */ = {
			isa = PBXGroup;
			children = (
				3E8AEF102C61FEC5005D0B87 /* Trust.app */,
				3E8AEF202C61FEC6005D0B87 /* TrustTests.xctest */,
				3E8AEF2A2C61FEC6005D0B87 /* TrustUITests.xctest */,
			);
			name = Products;
			sourceTree = "<group>";
		};
		3E8AEF122C61FEC5005D0B87 /* Trust */ = {
			isa = PBXGroup;
			children = (
				3E8AEF132C61FEC5005D0B87 /* TrustApp.swift */,
				3E8AEF172C61FEC6005D0B87 /* Assets.xcassets */,
				3E8AEF5D2C620790005D0B87 /* Localizable.xcstrings */,
				3E658C322C637FB400CADF0E /* AppState */,
				3E658C062C63366900CADF0E /* Backend */,
				3E658C192C6357C100CADF0E /* Frontend */,
				3E8AEF192C61FEC6005D0B87 /* Preview Content */,
				3E8AEF6B2C62126E005D0B87 /* Utils */,
			);
			path = Trust;
			sourceTree = "<group>";
		};
		3E8AEF192C61FEC6005D0B87 /* Preview Content */ = {
			isa = PBXGroup;
			children = (
				3E8AEF1A2C61FEC6005D0B87 /* Preview Assets.xcassets */,
			);
			path = "Preview Content";
			sourceTree = "<group>";
		};
		3E8AEF232C61FEC6005D0B87 /* TrustTests */ = {
			isa = PBXGroup;
			children = (
				3E658C3A2C63834900CADF0E /* MockBackendService.swift */,
				3E8AEF242C61FEC6005D0B87 /* TrustTests.swift */,
				3E658C1A2C63580200CADF0E /* Backend */,
				3E658C372C6381D300CADF0E /* Frontend */,
			);
			path = TrustTests;
			sourceTree = "<group>";
		};
		3E8AEF2D2C61FEC6005D0B87 /* TrustUITests */ = {
			isa = PBXGroup;
			children = (
				3E8AEF2E2C61FEC6005D0B87 /* TrustUITests.swift */,
				3E8AEF302C61FEC6005D0B87 /* TrustUITestsLaunchTests.swift */,
			);
			path = TrustUITests;
			sourceTree = "<group>";
		};
		3E8AEF3D2C620159005D0B87 /* RootView */ = {
			isa = PBXGroup;
			children = (
				3E8AEF422C6201BB005D0B87 /* RootContentType.swift */,
				3E8AEF402C62019A005D0B87 /* RootViewContentManager.swift */,
				3E8AEF472C6202D1005D0B87 /* RootViewContentProtocol.swift */,
			);
			path = RootView;
			sourceTree = "<group>";
		};
		3E8AEF442C6201D4005D0B87 /* Main */ = {
			isa = PBXGroup;
			children = (
				3E8AEF552C62039B005D0B87 /* MainView.swift */,
				3E8AEF642C620E57005D0B87 /* NavigationManager.swift */,
				3E8AEF452C6201E3005D0B87 /* TabType.swift */,
				3E8AEF522C620371005D0B87 /* Discover */,
				3E8AEF4C2C620352005D0B87 /* Earn */,
				3E8AEF492C620339005D0B87 /* Home */,
				3E8AEF4F2C620364005D0B87 /* Swap */,
			);
			path = Main;
			sourceTree = "<group>";
		};
		3E8AEF492C620339005D0B87 /* Home */ = {
			isa = PBXGroup;
			children = (
				3E8AEF662C621011005D0B87 /* HomeDestination.swift */,
				3E8AEF4A2C620340005D0B87 /* HomeView.swift */,
				3E658C122C634B2500CADF0E /* HomeViewModel.swift */,
				3E8AEF852C623343005D0B87 /* PopularToken */,
				3E8AEF682C62103E005D0B87 /* Settings */,
				3E8AEF802C6226E0005D0B87 /* Wallet */,
			);
			path = Home;
			sourceTree = "<group>";
		};
		3E8AEF4C2C620352005D0B87 /* Earn */ = {
			isa = PBXGroup;
			children = (
				3E8AEF4D2C62035A005D0B87 /* EarnView.swift */,
			);
			path = Earn;
			sourceTree = "<group>";
		};
		3E8AEF4F2C620364005D0B87 /* Swap */ = {
			isa = PBXGroup;
			children = (
				3E8AEF502C62036A005D0B87 /* SwapView.swift */,
			);
			path = Swap;
			sourceTree = "<group>";
		};
		3E8AEF522C620371005D0B87 /* Discover */ = {
			isa = PBXGroup;
			children = (
				3E8AEF532C620378005D0B87 /* DiscoverView.swift */,
			);
			path = Discover;
			sourceTree = "<group>";
		};
		3E8AEF572C62044C005D0B87 /* Launcher */ = {
			isa = PBXGroup;
			children = (
				3E8AEF582C620455005D0B87 /* LauncherView.swift */,
				3E8AEF3D2C620159005D0B87 /* RootView */,
				3E8AEF5A2C6204DB005D0B87 /* SplashScreen */,
			);
			path = Launcher;
			sourceTree = "<group>";
		};
		3E8AEF5A2C6204DB005D0B87 /* SplashScreen */ = {
			isa = PBXGroup;
			children = (
				3E8AEF152C61FEC5005D0B87 /* SplashScreenView.swift */,
				3E8AEF5B2C6204E7005D0B87 /* SplashScreenViewModel.swift */,
			);
			path = SplashScreen;
			sourceTree = "<group>";
		};
		3E8AEF5F2C620E0A005D0B87 /* Navigation */ = {
			isa = PBXGroup;
			children = (
				3E8AEF602C620E19005D0B87 /* Destination.swift */,
				3E8AEF622C620E32005D0B87 /* Navigator.swift */,
			);
			path = Navigation;
			sourceTree = "<group>";
		};
		3E8AEF682C62103E005D0B87 /* Settings */ = {
			isa = PBXGroup;
			children = (
				3E8AEF782C6219C0005D0B87 /* PreferencesView.swift */,
				3E8AEF762C621998005D0B87 /* SettingsDestination.swift */,
				3E8AEF692C621048005D0B87 /* SettingsView.swift */,
				3E8AEF6F2C621394005D0B87 /* SettingsRow */,
			);
			path = Settings;
			sourceTree = "<group>";
		};
		3E8AEF6B2C62126E005D0B87 /* Utils */ = {
			isa = PBXGroup;
			children = (
				3E8AEF742C621855005D0B87 /* Constants.swift */,
				3E658C412C63B90C00CADF0E /* DataParser.swift */,
				3E658C292C63743600CADF0E /* PriceFormatter.swift */,
				3E8AEF6C2C621272005D0B87 /* Extensions */,
				3E658C2B2C63768600CADF0E /* ImageLoader */,
			);
			path = Utils;
			sourceTree = "<group>";
		};
		3E8AEF6C2C621272005D0B87 /* Extensions */ = {
			isa = PBXGroup;
			children = (
				3E8AEF7A2C621DA5005D0B87 /* CGFloat+Extensions.swift */,
				3E9972BD2C62404800B9C058 /* EdgeInsets+Extensions.swift */,
				3E8AEF722C6213F9005D0B87 /* LocalizedStringKey+Extensions.swift */,
				3E8AEF6D2C621284005D0B87 /* UINavigationController+Extensions.swift */,
			);
			path = Extensions;
			sourceTree = "<group>";
		};
		3E8AEF6F2C621394005D0B87 /* SettingsRow */ = {
			isa = PBXGroup;
			children = (
				3E8AEF702C6213A1005D0B87 /* SettingsRowView.swift */,
			);
			path = SettingsRow;
			sourceTree = "<group>";
		};
		3E8AEF802C6226E0005D0B87 /* Wallet */ = {
			isa = PBXGroup;
			children = (
				3E8AEF7C2C621E0A005D0B87 /* WalletButton.swift */,
				3E8AEF812C6226F8005D0B87 /* CreateWalletView.swift */,
				3E8AEF832C622716005D0B87 /* AddWalletView.swift */,
			);
			path = Wallet;
			sourceTree = "<group>";
		};
		3E8AEF852C623343005D0B87 /* PopularToken */ = {
			isa = PBXGroup;
			children = (
				3E8AEF862C62337A005D0B87 /* PopularTokenRowView.swift */,
				3E8AEF882C6233F2005D0B87 /* PopularTokenRowViewModel.swift */,
				3E658C252C6369B800CADF0E /* PopularTokenViewData.swift */,
			);
			path = PopularToken;
			sourceTree = "<group>";
		};
/* End PBXGroup section */

/* Begin PBXNativeTarget section */
		3E8AEF0F2C61FEC5005D0B87 /* Trust */ = {
			isa = PBXNativeTarget;
			buildConfigurationList = 3E8AEF342C61FEC6005D0B87 /* Build configuration list for PBXNativeTarget "Trust" */;
			buildPhases = (
				3E8AEF0C2C61FEC5005D0B87 /* Sources */,
				3E8AEF0D2C61FEC5005D0B87 /* Frameworks */,
				3E8AEF0E2C61FEC5005D0B87 /* Resources */,
			);
			buildRules = (
			);
			dependencies = (
			);
			name = Trust;
			productName = Trust;
			productReference = 3E8AEF102C61FEC5005D0B87 /* Trust.app */;
			productType = "com.apple.product-type.application";
		};
		3E8AEF1F2C61FEC6005D0B87 /* TrustTests */ = {
			isa = PBXNativeTarget;
			buildConfigurationList = 3E8AEF372C61FEC6005D0B87 /* Build configuration list for PBXNativeTarget "TrustTests" */;
			buildPhases = (
				3E8AEF1C2C61FEC6005D0B87 /* Sources */,
				3E8AEF1D2C61FEC6005D0B87 /* Frameworks */,
				3E8AEF1E2C61FEC6005D0B87 /* Resources */,
			);
			buildRules = (
			);
			dependencies = (
				3E8AEF222C61FEC6005D0B87 /* PBXTargetDependency */,
			);
			name = TrustTests;
			productName = TrustTests;
			productReference = 3E8AEF202C61FEC6005D0B87 /* TrustTests.xctest */;
			productType = "com.apple.product-type.bundle.unit-test";
		};
		3E8AEF292C61FEC6005D0B87 /* TrustUITests */ = {
			isa = PBXNativeTarget;
			buildConfigurationList = 3E8AEF3A2C61FEC6005D0B87 /* Build configuration list for PBXNativeTarget "TrustUITests" */;
			buildPhases = (
				3E8AEF262C61FEC6005D0B87 /* Sources */,
				3E8AEF272C61FEC6005D0B87 /* Frameworks */,
				3E8AEF282C61FEC6005D0B87 /* Resources */,
			);
			buildRules = (
			);
			dependencies = (
				3E8AEF2C2C61FEC6005D0B87 /* PBXTargetDependency */,
			);
			name = TrustUITests;
			productName = TrustUITests;
			productReference = 3E8AEF2A2C61FEC6005D0B87 /* TrustUITests.xctest */;
			productType = "com.apple.product-type.bundle.ui-testing";
		};
/* End PBXNativeTarget section */

/* Begin PBXProject section */
		3E8AEF082C61FEC5005D0B87 /* Project object */ = {
			isa = PBXProject;
			attributes = {
				BuildIndependentTargetsInParallel = 1;
				LastSwiftUpdateCheck = 1510;
				LastUpgradeCheck = 1510;
				TargetAttributes = {
					3E8AEF0F2C61FEC5005D0B87 = {
						CreatedOnToolsVersion = 15.1;
					};
					3E8AEF1F2C61FEC6005D0B87 = {
						CreatedOnToolsVersion = 15.1;
						TestTargetID = 3E8AEF0F2C61FEC5005D0B87;
					};
					3E8AEF292C61FEC6005D0B87 = {
						CreatedOnToolsVersion = 15.1;
						TestTargetID = 3E8AEF0F2C61FEC5005D0B87;
					};
				};
			};
			buildConfigurationList = 3E8AEF0B2C61FEC5005D0B87 /* Build configuration list for PBXProject "Trust" */;
			compatibilityVersion = "Xcode 14.0";
			developmentRegion = en;
			hasScannedForEncodings = 0;
			knownRegions = (
				en,
				Base,
			);
			mainGroup = 3E8AEF072C61FEC5005D0B87;
			productRefGroup = 3E8AEF112C61FEC5005D0B87 /* Products */;
			projectDirPath = "";
			projectRoot = "";
			targets = (
				3E8AEF0F2C61FEC5005D0B87 /* Trust */,
				3E8AEF1F2C61FEC6005D0B87 /* TrustTests */,
				3E8AEF292C61FEC6005D0B87 /* TrustUITests */,
			);
		};
/* End PBXProject section */

/* Begin PBXResourcesBuildPhase section */
		3E8AEF0E2C61FEC5005D0B87 /* Resources */ = {
			isa = PBXResourcesBuildPhase;
			buildActionMask = 2147483647;
			files = (
				3E8AEF1B2C61FEC6005D0B87 /* Preview Assets.xcassets in Resources */,
				3E8AEF182C61FEC6005D0B87 /* Assets.xcassets in Resources */,
				3E8AEF5E2C620790005D0B87 /* Localizable.xcstrings in Resources */,
			);
			runOnlyForDeploymentPostprocessing = 0;
		};
		3E8AEF1E2C61FEC6005D0B87 /* Resources */ = {
			isa = PBXResourcesBuildPhase;
			buildActionMask = 2147483647;
			files = (
			);
			runOnlyForDeploymentPostprocessing = 0;
		};
		3E8AEF282C61FEC6005D0B87 /* Resources */ = {
			isa = PBXResourcesBuildPhase;
			buildActionMask = 2147483647;
			files = (
			);
			runOnlyForDeploymentPostprocessing = 0;
		};
/* End PBXResourcesBuildPhase section */

/* Begin PBXSourcesBuildPhase section */
		3E8AEF0C2C61FEC5005D0B87 /* Sources */ = {
			isa = PBXSourcesBuildPhase;
			buildActionMask = 2147483647;
			files = (
				3E8AEF482C6202D1005D0B87 /* RootViewContentProtocol.swift in Sources */,
				3E658C0F2C63463500CADF0E /* BackendServiceProtocol.swift in Sources */,
				3E658C422C63B90C00CADF0E /* DataParser.swift in Sources */,
				3E8AEF752C621855005D0B87 /* Constants.swift in Sources */,
				3E8AEF6E2C621284005D0B87 /* UINavigationController+Extensions.swift in Sources */,
				3E8AEF162C61FEC5005D0B87 /* SplashScreenView.swift in Sources */,
				3E658C0D2C6343D100CADF0E /* CryptoDTO.swift in Sources */,
				3E8AEF592C620455005D0B87 /* LauncherView.swift in Sources */,
				3E8AEF6A2C621048005D0B87 /* SettingsView.swift in Sources */,
				3E8AEF7B2C621DA5005D0B87 /* CGFloat+Extensions.swift in Sources */,
				3E658C342C637FC300CADF0E /* AppState.swift in Sources */,
				3E658C2A2C63743600CADF0E /* PriceFormatter.swift in Sources */,
				3E658C262C6369B800CADF0E /* PopularTokenViewData.swift in Sources */,
				3E8AEF732C6213F9005D0B87 /* LocalizedStringKey+Extensions.swift in Sources */,
				3E658C082C6336A400CADF0E /* BackendService.swift in Sources */,
				3E658C0A2C633C0D00CADF0E /* NetworkError.swift in Sources */,
				3E8AEF4E2C62035A005D0B87 /* EarnView.swift in Sources */,
				3E8AEF5C2C6204E7005D0B87 /* SplashScreenViewModel.swift in Sources */,
				3E8AEF432C6201BB005D0B87 /* RootContentType.swift in Sources */,
				3E8AEF612C620E19005D0B87 /* Destination.swift in Sources */,
				3E658C362C63804100CADF0E /* TopCryptoStateDelegate.swift in Sources */,
				3E8AEF512C62036A005D0B87 /* SwapView.swift in Sources */,
				3E658C312C6377B100CADF0E /* ImageError.swift in Sources */,
				3E8AEF462C6201E3005D0B87 /* TabType.swift in Sources */,
				3E8AEF792C6219C0005D0B87 /* PreferencesView.swift in Sources */,
				3E658C132C634B2500CADF0E /* HomeViewModel.swift in Sources */,
				3E658C2F2C63772500CADF0E /* ImageLoader.swift in Sources */,
				3E8AEF412C62019A005D0B87 /* RootViewContentManager.swift in Sources */,
				3E9972BE2C62404800B9C058 /* EdgeInsets+Extensions.swift in Sources */,
				3E8AEF712C6213A1005D0B87 /* SettingsRowView.swift in Sources */,
				3E8AEF562C62039B005D0B87 /* MainView.swift in Sources */,
				3E8AEF7D2C621E0A005D0B87 /* WalletButton.swift in Sources */,
				3E658C2D2C63769400CADF0E /* ImageCache.swift in Sources */,
				3E8AEF672C621011005D0B87 /* HomeDestination.swift in Sources */,
				3E8AEF632C620E32005D0B87 /* Navigator.swift in Sources */,
				3E8AEF842C622716005D0B87 /* AddWalletView.swift in Sources */,
				3E8AEF772C621998005D0B87 /* SettingsDestination.swift in Sources */,
				3E8AEF542C620378005D0B87 /* DiscoverView.swift in Sources */,
				3E8AEF652C620E57005D0B87 /* NavigationManager.swift in Sources */,
				3E8AEF142C61FEC5005D0B87 /* TrustApp.swift in Sources */,
				3E8AEF872C62337A005D0B87 /* PopularTokenRowView.swift in Sources */,
				3E8AEF822C6226F8005D0B87 /* CreateWalletView.swift in Sources */,
				3E8AEF4B2C620340005D0B87 /* HomeView.swift in Sources */,
				3E8AEF892C6233F2005D0B87 /* PopularTokenRowViewModel.swift in Sources */,
			);
			runOnlyForDeploymentPostprocessing = 0;
		};
		3E8AEF1C2C61FEC6005D0B87 /* Sources */ = {
			isa = PBXSourcesBuildPhase;
			buildActionMask = 2147483647;
			files = (
				3E658C1E2C63585C00CADF0E /* BackendServiceTests.swift in Sources */,
				3E658C392C6381E500CADF0E /* HomeViewModelTests.swift in Sources */,
				3E658C3B2C63834900CADF0E /* MockBackendService.swift in Sources */,
				3E658C402C63851B00CADF0E /* CryptoDTO+TestData.swift in Sources */,
				3E8AEF252C61FEC6005D0B87 /* TrustTests.swift in Sources */,
				3E658C3D2C6384B800CADF0E /* MockTopCryptoState.swift in Sources */,
				3E658C1C2C63582300CADF0E /* MockURLProtocol.swift in Sources */,
			);
			runOnlyForDeploymentPostprocessing = 0;
		};
		3E8AEF262C61FEC6005D0B87 /* Sources */ = {
			isa = PBXSourcesBuildPhase;
			buildActionMask = 2147483647;
			files = (
				3E8AEF2F2C61FEC6005D0B87 /* TrustUITests.swift in Sources */,
				3E8AEF312C61FEC6005D0B87 /* TrustUITestsLaunchTests.swift in Sources */,
			);
			runOnlyForDeploymentPostprocessing = 0;
		};
/* End PBXSourcesBuildPhase section */

/* Begin PBXTargetDependency section */
		3E8AEF222C61FEC6005D0B87 /* PBXTargetDependency */ = {
			isa = PBXTargetDependency;
			target = 3E8AEF0F2C61FEC5005D0B87 /* Trust */;
			targetProxy = 3E8AEF212C61FEC6005D0B87 /* PBXContainerItemProxy */;
		};
		3E8AEF2C2C61FEC6005D0B87 /* PBXTargetDependency */ = {
			isa = PBXTargetDependency;
			target = 3E8AEF0F2C61FEC5005D0B87 /* Trust */;
			targetProxy = 3E8AEF2B2C61FEC6005D0B87 /* PBXContainerItemProxy */;
		};
/* End PBXTargetDependency section */

/* Begin XCBuildConfiguration section */
		3E8AEF322C61FEC6005D0B87 /* Debug */ = {
			isa = XCBuildConfiguration;
			buildSettings = {
				ALWAYS_SEARCH_USER_PATHS = NO;
				ASSETCATALOG_COMPILER_GENERATE_SWIFT_ASSET_SYMBOL_EXTENSIONS = YES;
				CLANG_ANALYZER_NONNULL = YES;
				CLANG_ANALYZER_NUMBER_OBJECT_CONVERSION = YES_AGGRESSIVE;
				CLANG_CXX_LANGUAGE_STANDARD = "gnu++20";
				CLANG_ENABLE_MODULES = YES;
				CLANG_ENABLE_OBJC_ARC = YES;
				CLANG_ENABLE_OBJC_WEAK = YES;
				CLANG_WARN_BLOCK_CAPTURE_AUTORELEASING = YES;
				CLANG_WARN_BOOL_CONVERSION = YES;
				CLANG_WARN_COMMA = YES;
				CLANG_WARN_CONSTANT_CONVERSION = YES;
				CLANG_WARN_DEPRECATED_OBJC_IMPLEMENTATIONS = YES;
				CLANG_WARN_DIRECT_OBJC_ISA_USAGE = YES_ERROR;
				CLANG_WARN_DOCUMENTATION_COMMENTS = YES;
				CLANG_WARN_EMPTY_BODY = YES;
				CLANG_WARN_ENUM_CONVERSION = YES;
				CLANG_WARN_INFINITE_RECURSION = YES;
				CLANG_WARN_INT_CONVERSION = YES;
				CLANG_WARN_NON_LITERAL_NULL_CONVERSION = YES;
				CLANG_WARN_OBJC_IMPLICIT_RETAIN_SELF = YES;
				CLANG_WARN_OBJC_LITERAL_CONVERSION = YES;
				CLANG_WARN_OBJC_ROOT_CLASS = YES_ERROR;
				CLANG_WARN_QUOTED_INCLUDE_IN_FRAMEWORK_HEADER = YES;
				CLANG_WARN_RANGE_LOOP_ANALYSIS = YES;
				CLANG_WARN_STRICT_PROTOTYPES = YES;
				CLANG_WARN_SUSPICIOUS_MOVE = YES;
				CLANG_WARN_UNGUARDED_AVAILABILITY = YES_AGGRESSIVE;
				CLANG_WARN_UNREACHABLE_CODE = YES;
				CLANG_WARN__DUPLICATE_METHOD_MATCH = YES;
				COPY_PHASE_STRIP = NO;
				DEBUG_INFORMATION_FORMAT = dwarf;
				ENABLE_STRICT_OBJC_MSGSEND = YES;
				ENABLE_TESTABILITY = YES;
				ENABLE_USER_SCRIPT_SANDBOXING = YES;
				GCC_C_LANGUAGE_STANDARD = gnu17;
				GCC_DYNAMIC_NO_PIC = NO;
				GCC_NO_COMMON_BLOCKS = YES;
				GCC_OPTIMIZATION_LEVEL = 0;
				GCC_PREPROCESSOR_DEFINITIONS = (
					"DEBUG=1",
					"$(inherited)",
				);
				GCC_WARN_64_TO_32_BIT_CONVERSION = YES;
				GCC_WARN_ABOUT_RETURN_TYPE = YES_ERROR;
				GCC_WARN_UNDECLARED_SELECTOR = YES;
				GCC_WARN_UNINITIALIZED_AUTOS = YES_AGGRESSIVE;
				GCC_WARN_UNUSED_FUNCTION = YES;
				GCC_WARN_UNUSED_VARIABLE = YES;
				IPHONEOS_DEPLOYMENT_TARGET = 17.2;
				LOCALIZATION_PREFERS_STRING_CATALOGS = YES;
				MTL_ENABLE_DEBUG_INFO = INCLUDE_SOURCE;
				MTL_FAST_MATH = YES;
				ONLY_ACTIVE_ARCH = YES;
				SDKROOT = iphoneos;
				SWIFT_ACTIVE_COMPILATION_CONDITIONS = "DEBUG $(inherited)";
				SWIFT_OPTIMIZATION_LEVEL = "-Onone";
			};
			name = Debug;
		};
		3E8AEF332C61FEC6005D0B87 /* Release */ = {
			isa = XCBuildConfiguration;
			buildSettings = {
				ALWAYS_SEARCH_USER_PATHS = NO;
				ASSETCATALOG_COMPILER_GENERATE_SWIFT_ASSET_SYMBOL_EXTENSIONS = YES;
				CLANG_ANALYZER_NONNULL = YES;
				CLANG_ANALYZER_NUMBER_OBJECT_CONVERSION = YES_AGGRESSIVE;
				CLANG_CXX_LANGUAGE_STANDARD = "gnu++20";
				CLANG_ENABLE_MODULES = YES;
				CLANG_ENABLE_OBJC_ARC = YES;
				CLANG_ENABLE_OBJC_WEAK = YES;
				CLANG_WARN_BLOCK_CAPTURE_AUTORELEASING = YES;
				CLANG_WARN_BOOL_CONVERSION = YES;
				CLANG_WARN_COMMA = YES;
				CLANG_WARN_CONSTANT_CONVERSION = YES;
				CLANG_WARN_DEPRECATED_OBJC_IMPLEMENTATIONS = YES;
				CLANG_WARN_DIRECT_OBJC_ISA_USAGE = YES_ERROR;
				CLANG_WARN_DOCUMENTATION_COMMENTS = YES;
				CLANG_WARN_EMPTY_BODY = YES;
				CLANG_WARN_ENUM_CONVERSION = YES;
				CLANG_WARN_INFINITE_RECURSION = YES;
				CLANG_WARN_INT_CONVERSION = YES;
				CLANG_WARN_NON_LITERAL_NULL_CONVERSION = YES;
				CLANG_WARN_OBJC_IMPLICIT_RETAIN_SELF = YES;
				CLANG_WARN_OBJC_LITERAL_CONVERSION = YES;
				CLANG_WARN_OBJC_ROOT_CLASS = YES_ERROR;
				CLANG_WARN_QUOTED_INCLUDE_IN_FRAMEWORK_HEADER = YES;
				CLANG_WARN_RANGE_LOOP_ANALYSIS = YES;
				CLANG_WARN_STRICT_PROTOTYPES = YES;
				CLANG_WARN_SUSPICIOUS_MOVE = YES;
				CLANG_WARN_UNGUARDED_AVAILABILITY = YES_AGGRESSIVE;
				CLANG_WARN_UNREACHABLE_CODE = YES;
				CLANG_WARN__DUPLICATE_METHOD_MATCH = YES;
				COPY_PHASE_STRIP = NO;
				DEBUG_INFORMATION_FORMAT = "dwarf-with-dsym";
				ENABLE_NS_ASSERTIONS = NO;
				ENABLE_STRICT_OBJC_MSGSEND = YES;
				ENABLE_USER_SCRIPT_SANDBOXING = YES;
				GCC_C_LANGUAGE_STANDARD = gnu17;
				GCC_NO_COMMON_BLOCKS = YES;
				GCC_WARN_64_TO_32_BIT_CONVERSION = YES;
				GCC_WARN_ABOUT_RETURN_TYPE = YES_ERROR;
				GCC_WARN_UNDECLARED_SELECTOR = YES;
				GCC_WARN_UNINITIALIZED_AUTOS = YES_AGGRESSIVE;
				GCC_WARN_UNUSED_FUNCTION = YES;
				GCC_WARN_UNUSED_VARIABLE = YES;
				IPHONEOS_DEPLOYMENT_TARGET = 17.2;
				LOCALIZATION_PREFERS_STRING_CATALOGS = YES;
				MTL_ENABLE_DEBUG_INFO = NO;
				MTL_FAST_MATH = YES;
				SDKROOT = iphoneos;
				SWIFT_COMPILATION_MODE = wholemodule;
				VALIDATE_PRODUCT = YES;
			};
			name = Release;
		};
		3E8AEF352C61FEC6005D0B87 /* Debug */ = {
			isa = XCBuildConfiguration;
			buildSettings = {
				ASSETCATALOG_COMPILER_APPICON_NAME = AppIcon;
				ASSETCATALOG_COMPILER_GLOBAL_ACCENT_COLOR_NAME = AccentColor;
				CODE_SIGN_STYLE = Automatic;
				CURRENT_PROJECT_VERSION = 1;
				DEVELOPMENT_ASSET_PATHS = "\"Trust/Preview Content\"";
				DEVELOPMENT_TEAM = 9E7PAU2STE;
				ENABLE_PREVIEWS = YES;
				GENERATE_INFOPLIST_FILE = YES;
				INFOPLIST_KEY_UIApplicationSceneManifest_Generation = YES;
				INFOPLIST_KEY_UIApplicationSupportsIndirectInputEvents = YES;
				INFOPLIST_KEY_UILaunchScreen_Generation = YES;
				INFOPLIST_KEY_UISupportedInterfaceOrientations_iPad = "UIInterfaceOrientationPortrait UIInterfaceOrientationPortraitUpsideDown UIInterfaceOrientationLandscapeLeft UIInterfaceOrientationLandscapeRight";
				INFOPLIST_KEY_UISupportedInterfaceOrientations_iPhone = "UIInterfaceOrientationPortrait UIInterfaceOrientationLandscapeLeft UIInterfaceOrientationLandscapeRight";
				LD_RUNPATH_SEARCH_PATHS = (
					"$(inherited)",
					"@executable_path/Frameworks",
				);
				MARKETING_VERSION = 1.0;
				PRODUCT_BUNDLE_IDENTIFIER = com.vvaliente.Trust;
				PRODUCT_NAME = "$(TARGET_NAME)";
				SWIFT_EMIT_LOC_STRINGS = YES;
				SWIFT_VERSION = 5.0;
				TARGETED_DEVICE_FAMILY = "1,2";
			};
			name = Debug;
		};
		3E8AEF362C61FEC6005D0B87 /* Release */ = {
			isa = XCBuildConfiguration;
			buildSettings = {
				ASSETCATALOG_COMPILER_APPICON_NAME = AppIcon;
				ASSETCATALOG_COMPILER_GLOBAL_ACCENT_COLOR_NAME = AccentColor;
				CODE_SIGN_STYLE = Automatic;
				CURRENT_PROJECT_VERSION = 1;
				DEVELOPMENT_ASSET_PATHS = "\"Trust/Preview Content\"";
				DEVELOPMENT_TEAM = 9E7PAU2STE;
				ENABLE_PREVIEWS = YES;
				GENERATE_INFOPLIST_FILE = YES;
				INFOPLIST_KEY_UIApplicationSceneManifest_Generation = YES;
				INFOPLIST_KEY_UIApplicationSupportsIndirectInputEvents = YES;
				INFOPLIST_KEY_UILaunchScreen_Generation = YES;
				INFOPLIST_KEY_UISupportedInterfaceOrientations_iPad = "UIInterfaceOrientationPortrait UIInterfaceOrientationPortraitUpsideDown UIInterfaceOrientationLandscapeLeft UIInterfaceOrientationLandscapeRight";
				INFOPLIST_KEY_UISupportedInterfaceOrientations_iPhone = "UIInterfaceOrientationPortrait UIInterfaceOrientationLandscapeLeft UIInterfaceOrientationLandscapeRight";
				LD_RUNPATH_SEARCH_PATHS = (
					"$(inherited)",
					"@executable_path/Frameworks",
				);
				MARKETING_VERSION = 1.0;
				PRODUCT_BUNDLE_IDENTIFIER = com.vvaliente.Trust;
				PRODUCT_NAME = "$(TARGET_NAME)";
				SWIFT_EMIT_LOC_STRINGS = YES;
				SWIFT_VERSION = 5.0;
				TARGETED_DEVICE_FAMILY = "1,2";
			};
			name = Release;
		};
		3E8AEF382C61FEC6005D0B87 /* Debug */ = {
			isa = XCBuildConfiguration;
			buildSettings = {
				ALWAYS_EMBED_SWIFT_STANDARD_LIBRARIES = YES;
				BUNDLE_LOADER = "$(TEST_HOST)";
				CODE_SIGN_STYLE = Automatic;
				CURRENT_PROJECT_VERSION = 1;
				DEVELOPMENT_TEAM = 9E7PAU2STE;
				GENERATE_INFOPLIST_FILE = YES;
				IPHONEOS_DEPLOYMENT_TARGET = 17.2;
				MARKETING_VERSION = 1.0;
				PRODUCT_BUNDLE_IDENTIFIER = com.vvaliente.TrustTests;
				PRODUCT_NAME = "$(TARGET_NAME)";
				SWIFT_EMIT_LOC_STRINGS = NO;
				SWIFT_VERSION = 5.0;
				TARGETED_DEVICE_FAMILY = "1,2";
				TEST_HOST = "$(BUILT_PRODUCTS_DIR)/Trust.app/$(BUNDLE_EXECUTABLE_FOLDER_PATH)/Trust";
			};
			name = Debug;
		};
		3E8AEF392C61FEC6005D0B87 /* Release */ = {
			isa = XCBuildConfiguration;
			buildSettings = {
				ALWAYS_EMBED_SWIFT_STANDARD_LIBRARIES = YES;
				BUNDLE_LOADER = "$(TEST_HOST)";
				CODE_SIGN_STYLE = Automatic;
				CURRENT_PROJECT_VERSION = 1;
				DEVELOPMENT_TEAM = 9E7PAU2STE;
				GENERATE_INFOPLIST_FILE = YES;
				IPHONEOS_DEPLOYMENT_TARGET = 17.2;
				MARKETING_VERSION = 1.0;
				PRODUCT_BUNDLE_IDENTIFIER = com.vvaliente.TrustTests;
				PRODUCT_NAME = "$(TARGET_NAME)";
				SWIFT_EMIT_LOC_STRINGS = NO;
				SWIFT_VERSION = 5.0;
				TARGETED_DEVICE_FAMILY = "1,2";
				TEST_HOST = "$(BUILT_PRODUCTS_DIR)/Trust.app/$(BUNDLE_EXECUTABLE_FOLDER_PATH)/Trust";
			};
			name = Release;
		};
		3E8AEF3B2C61FEC6005D0B87 /* Debug */ = {
			isa = XCBuildConfiguration;
			buildSettings = {
				ALWAYS_EMBED_SWIFT_STANDARD_LIBRARIES = YES;
				CODE_SIGN_STYLE = Automatic;
				CURRENT_PROJECT_VERSION = 1;
				DEVELOPMENT_TEAM = 9E7PAU2STE;
				GENERATE_INFOPLIST_FILE = YES;
				MARKETING_VERSION = 1.0;
				PRODUCT_BUNDLE_IDENTIFIER = com.vvaliente.TrustUITests;
				PRODUCT_NAME = "$(TARGET_NAME)";
				SWIFT_EMIT_LOC_STRINGS = NO;
				SWIFT_VERSION = 5.0;
				TARGETED_DEVICE_FAMILY = "1,2";
				TEST_TARGET_NAME = Trust;
			};
			name = Debug;
		};
		3E8AEF3C2C61FEC6005D0B87 /* Release */ = {
			isa = XCBuildConfiguration;
			buildSettings = {
				ALWAYS_EMBED_SWIFT_STANDARD_LIBRARIES = YES;
				CODE_SIGN_STYLE = Automatic;
				CURRENT_PROJECT_VERSION = 1;
				DEVELOPMENT_TEAM = 9E7PAU2STE;
				GENERATE_INFOPLIST_FILE = YES;
				MARKETING_VERSION = 1.0;
				PRODUCT_BUNDLE_IDENTIFIER = com.vvaliente.TrustUITests;
				PRODUCT_NAME = "$(TARGET_NAME)";
				SWIFT_EMIT_LOC_STRINGS = NO;
				SWIFT_VERSION = 5.0;
				TARGETED_DEVICE_FAMILY = "1,2";
				TEST_TARGET_NAME = Trust;
			};
			name = Release;
		};
/* End XCBuildConfiguration section */

/* Begin XCConfigurationList section */
		3E8AEF0B2C61FEC5005D0B87 /* Build configuration list for PBXProject "Trust" */ = {
			isa = XCConfigurationList;
			buildConfigurations = (
				3E8AEF322C61FEC6005D0B87 /* Debug */,
				3E8AEF332C61FEC6005D0B87 /* Release */,
			);
			defaultConfigurationIsVisible = 0;
			defaultConfigurationName = Release;
		};
		3E8AEF342C61FEC6005D0B87 /* Build configuration list for PBXNativeTarget "Trust" */ = {
			isa = XCConfigurationList;
			buildConfigurations = (
				3E8AEF352C61FEC6005D0B87 /* Debug */,
				3E8AEF362C61FEC6005D0B87 /* Release */,
			);
			defaultConfigurationIsVisible = 0;
			defaultConfigurationName = Release;
		};
		3E8AEF372C61FEC6005D0B87 /* Build configuration list for PBXNativeTarget "TrustTests" */ = {
			isa = XCConfigurationList;
			buildConfigurations = (
				3E8AEF382C61FEC6005D0B87 /* Debug */,
				3E8AEF392C61FEC6005D0B87 /* Release */,
			);
			defaultConfigurationIsVisible = 0;
			defaultConfigurationName = Release;
		};
		3E8AEF3A2C61FEC6005D0B87 /* Build configuration list for PBXNativeTarget "TrustUITests" */ = {
			isa = XCConfigurationList;
			buildConfigurations = (
				3E8AEF3B2C61FEC6005D0B87 /* Debug */,
				3E8AEF3C2C61FEC6005D0B87 /* Release */,
			);
			defaultConfigurationIsVisible = 0;
			defaultConfigurationName = Release;
		};
/* End XCConfigurationList section */
	};
	rootObject = 3E8AEF082C61FEC5005D0B87 /* Project object */;
}
